
Microsoft Visual Studio Solution File, Format Version 12.00
# Visual Studio Version 16
VisualStudioVersion = 16.0.30011.22
MinimumVisualStudioVersion = 10.0.40219.1
Project("{9A19103F-16F7-4668-BE54-9A1E7A4F7556}") = "Demo_OnPremConsole_ToCosmos", "Demo_OnPremConsole_ToCosmos\Demo_OnPremConsole_ToCosmos.csproj", "{7806ED19-C688-4FF7-A3B1-226D05B85EE4}"
EndProject
Project("{9A19103F-16F7-4668-BE54-9A1E7A4F7556}") = "Demo_OnPremAPI_ToCosmos", "Demo_OnPremAPI_ToCosmos\Demo_OnPremAPI_ToCosmos.csproj", "{793F3833-B9D1-4C90-9157-E9A898C426C7}"
EndProject
Project("{9A19103F-16F7-4668-BE54-9A1E7A4F7556}") = "Demo_AzureAppService_ToCosmos", "Demo_AzureAppService_ToCosmos\Demo_AzureAppService_ToCosmos.csproj", "{FDBA3575-8B51-4645-A29F-12406A3193E2}"
EndProject
Project("{2150E333-8FDC-42A3-9474-1A3956D46DE8}") = "01Ref_DataFiles_CosmosLoads", "01Ref_DataFiles_CosmosLoads", "{585B653E-1799-49BF-9D5B-DBB3A8BE0D51}"
	ProjectSection(SolutionItems) = preProject
		OrangeBooster_Providers_1.csv = OrangeBooster_Providers_1.csv
		WiredBrain_ProviderFile.csv = WiredBrain_ProviderFile.csv
	EndProjectSection
EndProject
Project("{9A19103F-16F7-4668-BE54-9A1E7A4F7556}") = "Demo_AzureAppService_ToAzureSQL", "Demo_AzureAppService_ToAzureSQL\Demo_AzureAppService_ToAzureSQL.csproj", "{E46F39DC-A7C0-46F0-A5C0-1C4E04FF2526}"
EndProject
Project("{9A19103F-16F7-4668-BE54-9A1E7A4F7556}") = "01Ref_ADODataAccess", "01Ref_ADO.Net-DataAccessLayer\01Ref_ADODataAccess.csproj", "{B22A292C-E4E6-4884-A7AC-1ACAD0E203F1}"
EndProject
Project("{9A19103F-16F7-4668-BE54-9A1E7A4F7556}") = "01Ref_DemoEntityAndDTO", "01Ref_DemoEntityAndDTO\01Ref_DemoEntityAndDTO.csproj", "{5408C5DC-59C8-45B1-95C9-2C0307063DE1}"
EndProject
Global
	GlobalSection(SolutionConfigurationPlatforms) = preSolution
		Debug|Any CPU = Debug|Any CPU
		Release|Any CPU = Release|Any CPU
	EndGlobalSection
	GlobalSection(ProjectConfigurationPlatforms) = postSolution
		{7806ED19-C688-4FF7-A3B1-226D05B85EE4}.Debug|Any CPU.ActiveCfg = Debug|Any CPU
		{7806ED19-C688-4FF7-A3B1-226D05B85EE4}.Debug|Any CPU.Build.0 = Debug|Any CPU
		{7806ED19-C688-4FF7-A3B1-226D05B85EE4}.Release|Any CPU.ActiveCfg = Release|Any CPU
		{7806ED19-C688-4FF7-A3B1-226D05B85EE4}.Release|Any CPU.Build.0 = Release|Any CPU
		{793F3833-B9D1-4C90-9157-E9A898C426C7}.Debug|Any CPU.ActiveCfg = Debug|Any CPU
		{793F3833-B9D1-4C90-9157-E9A898C426C7}.Debug|Any CPU.Build.0 = Debug|Any CPU
		{793F3833-B9D1-4C90-9157-E9A898C426C7}.Release|Any CPU.ActiveCfg = Release|Any CPU
		{793F3833-B9D1-4C90-9157-E9A898C426C7}.Release|Any CPU.Build.0 = Release|Any CPU
		{FDBA3575-8B51-4645-A29F-12406A3193E2}.Debug|Any CPU.ActiveCfg = Debug|Any CPU
		{FDBA3575-8B51-4645-A29F-12406A3193E2}.Debug|Any CPU.Build.0 = Debug|Any CPU
		{FDBA3575-8B51-4645-A29F-12406A3193E2}.Release|Any CPU.ActiveCfg = Release|Any CPU
		{FDBA3575-8B51-4645-A29F-12406A3193E2}.Release|Any CPU.Build.0 = Release|Any CPU
		{E46F39DC-A7C0-46F0-A5C0-1C4E04FF2526}.Debug|Any CPU.ActiveCfg = Debug|Any CPU
		{E46F39DC-A7C0-46F0-A5C0-1C4E04FF2526}.Debug|Any CPU.Build.0 = Debug|Any CPU
		{E46F39DC-A7C0-46F0-A5C0-1C4E04FF2526}.Release|Any CPU.ActiveCfg = Release|Any CPU
		{E46F39DC-A7C0-46F0-A5C0-1C4E04FF2526}.Release|Any CPU.Build.0 = Release|Any CPU
		{B22A292C-E4E6-4884-A7AC-1ACAD0E203F1}.Debug|Any CPU.ActiveCfg = Debug|Any CPU
		{B22A292C-E4E6-4884-A7AC-1ACAD0E203F1}.Debug|Any CPU.Build.0 = Debug|Any CPU
		{B22A292C-E4E6-4884-A7AC-1ACAD0E203F1}.Release|Any CPU.ActiveCfg = Release|Any CPU
		{B22A292C-E4E6-4884-A7AC-1ACAD0E203F1}.Release|Any CPU.Build.0 = Release|Any CPU
		{5408C5DC-59C8-45B1-95C9-2C0307063DE1}.Debug|Any CPU.ActiveCfg = Debug|Any CPU
		{5408C5DC-59C8-45B1-95C9-2C0307063DE1}.Debug|Any CPU.Build.0 = Debug|Any CPU
		{5408C5DC-59C8-45B1-95C9-2C0307063DE1}.Release|Any CPU.ActiveCfg = Release|Any CPU
		{5408C5DC-59C8-45B1-95C9-2C0307063DE1}.Release|Any CPU.Build.0 = Release|Any CPU
	EndGlobalSection
	GlobalSection(SolutionProperties) = preSolution
		HideSolutionNode = FALSE
	EndGlobalSection
	GlobalSection(ExtensibilityGlobals) = postSolution
		SolutionGuid = {49CB2D9A-2952-430C-BA6E-C58C56CCD6A0}
	EndGlobalSection
EndGlobal
